
Microsoft Visual Studio Solution File, Format Version 12.00
# Visual Studio 15
VisualStudioVersion = 15.0.26430.15
MinimumVisualStudioVersion = 10.0.40219.1
Project("{FAE04EC0-301F-11D3-BF4B-00C04F79EFBC}") = "01.ChooseDrink", "01.ChooseDrink\01.ChooseDrink.csproj", "{2E51BD1B-2FFF-4A18-A2DF-74B9B709EBAF}"
EndProject
Project("{FAE04EC0-301F-11D3-BF4B-00C04F79EFBC}") = "02. Choose a Drink 2.0", "02. Choose a Drink 2.0\02. Choose a Drink 2.0.csproj", "{B3E2F204-DC72-4994-96D1-5680F857993D}"
EndProject
Project("{FAE04EC0-301F-11D3-BF4B-00C04F79EFBC}") = "03. Restaurant Discount", "03. Restaurant Discount\03. Restaurant Discount.csproj", "{3B1FE57B-9DD1-4653-BF17-AE8A1E9A0CF9}"
EndProject
Project("{FAE04EC0-301F-11D3-BF4B-00C04F79EFBC}") = "04. Hotel", "04. Hotel\04. Hotel.csproj", "{E73ED9CA-C608-4B80-BFFB-22D7F659F7CE}"
EndProject
Project("{FAE04EC0-301F-11D3-BF4B-00C04F79EFBC}") = "05. Word in Plural", "05. Word in Plural\05. Word in Plural.csproj", "{405AB2D1-4971-47EC-B348-A9445D9B71E7}"
EndProject
Project("{FAE04EC0-301F-11D3-BF4B-00C04F79EFBC}") = "06. Interval of Numbers", "06. Interval of Numbers\06. Interval of Numbers.csproj", "{A2188B46-77A1-4710-AD0F-BCCD7A29AF4C}"
EndProject
Project("{FAE04EC0-301F-11D3-BF4B-00C04F79EFBC}") = "07. Cake Ingredients", "07. Cake Ingredients\07. Cake Ingredients.csproj", "{771E4230-F803-46F8-847D-CC23FC13567C}"
EndProject
Project("{FAE04EC0-301F-11D3-BF4B-00C04F79EFBC}") = "08. Calories Counter", "08. Calories Counter\08. Calories Counter.csproj", "{D9A0A01B-D09A-4554-9008-98D35A7726C6}"
EndProject
Project("{FAE04EC0-301F-11D3-BF4B-00C04F79EFBC}") = "09. Count the Integers", "09. Count the Integers\09. Count the Integers.csproj", "{43D7BC7D-5712-4056-8658-B67560DF8F03}"
EndProject
Project("{FAE04EC0-301F-11D3-BF4B-00C04F79EFBC}") = "10. Triangle of Numbers", "10. Triangle of Numbers\10. Triangle of Numbers.csproj", "{62000C55-21C6-4816-978B-2AC9FE403468}"
EndProject
Project("{FAE04EC0-301F-11D3-BF4B-00C04F79EFBC}") = "11. 5 Different Numbers", "11. 5 Different Numbers\11. 5 Different Numbers.csproj", "{62BB36C5-F543-4A51-A5A3-6C5769EEE6D6}"
EndProject
Project("{FAE04EC0-301F-11D3-BF4B-00C04F79EFBC}") = "12. Test Numbers", "12. Test Numbers\12. Test Numbers.csproj", "{87FCF869-8C08-4231-9936-75423F13A597}"
EndProject
Project("{FAE04EC0-301F-11D3-BF4B-00C04F79EFBC}") = "13. Game of Numbers", "13. Game of Numbers\13. Game of Numbers.csproj", "{C9E5F925-0908-4DC3-ABF9-E445D646ACE2}"
EndProject
Project("{FAE04EC0-301F-11D3-BF4B-00C04F79EFBC}") = "14. Magic Letter", "14. Magic Letter\14. Magic Letter.csproj", "{0A875987-7D13-4E75-B6C7-43C0F1C01C99}"
EndProject
Project("{FAE04EC0-301F-11D3-BF4B-00C04F79EFBC}") = "15. Neighbour Wars", "15. Neighbour Wars\15. Neighbour Wars.csproj", "{B526A2CC-0936-4E59-AF35-56560DD25130}"
EndProject
Global
	GlobalSection(SolutionConfigurationPlatforms) = preSolution
		Debug|Any CPU = Debug|Any CPU
		Debug|ARM = Debug|ARM
		Debug|x64 = Debug|x64
		Debug|x86 = Debug|x86
		Release|Any CPU = Release|Any CPU
		Release|ARM = Release|ARM
		Release|x64 = Release|x64
		Release|x86 = Release|x86
	EndGlobalSection
	GlobalSection(ProjectConfigurationPlatforms) = postSolution
		{2E51BD1B-2FFF-4A18-A2DF-74B9B709EBAF}.Debug|Any CPU.ActiveCfg = Debug|Any CPU
		{2E51BD1B-2FFF-4A18-A2DF-74B9B709EBAF}.Debug|Any CPU.Build.0 = Debug|Any CPU
		{2E51BD1B-2FFF-4A18-A2DF-74B9B709EBAF}.Debug|ARM.ActiveCfg = Debug|Any CPU
		{2E51BD1B-2FFF-4A18-A2DF-74B9B709EBAF}.Debug|ARM.Build.0 = Debug|Any CPU
		{2E51BD1B-2FFF-4A18-A2DF-74B9B709EBAF}.Debug|x64.ActiveCfg = Debug|Any CPU
		{2E51BD1B-2FFF-4A18-A2DF-74B9B709EBAF}.Debug|x64.Build.0 = Debug|Any CPU
		{2E51BD1B-2FFF-4A18-A2DF-74B9B709EBAF}.Debug|x86.ActiveCfg = Debug|Any CPU
		{2E51BD1B-2FFF-4A18-A2DF-74B9B709EBAF}.Debug|x86.Build.0 = Debug|Any CPU
		{2E51BD1B-2FFF-4A18-A2DF-74B9B709EBAF}.Release|Any CPU.ActiveCfg = Release|Any CPU
		{2E51BD1B-2FFF-4A18-A2DF-74B9B709EBAF}.Release|Any CPU.Build.0 = Release|Any CPU
		{2E51BD1B-2FFF-4A18-A2DF-74B9B709EBAF}.Release|ARM.ActiveCfg = Release|Any CPU
		{2E51BD1B-2FFF-4A18-A2DF-74B9B709EBAF}.Release|ARM.Build.0 = Release|Any CPU
		{2E51BD1B-2FFF-4A18-A2DF-74B9B709EBAF}.Release|x64.ActiveCfg = Release|Any CPU
		{2E51BD1B-2FFF-4A18-A2DF-74B9B709EBAF}.Release|x64.Build.0 = Release|Any CPU
		{2E51BD1B-2FFF-4A18-A2DF-74B9B709EBAF}.Release|x86.ActiveCfg = Release|Any CPU
		{2E51BD1B-2FFF-4A18-A2DF-74B9B709EBAF}.Release|x86.Build.0 = Release|Any CPU
		{B3E2F204-DC72-4994-96D1-5680F857993D}.Debug|Any CPU.ActiveCfg = Debug|Any CPU
		{B3E2F204-DC72-4994-96D1-5680F857993D}.Debug|Any CPU.Build.0 = Debug|Any CPU
		{B3E2F204-DC72-4994-96D1-5680F857993D}.Debug|ARM.ActiveCfg = Debug|Any CPU
		{B3E2F204-DC72-4994-96D1-5680F857993D}.Debug|ARM.Build.0 = Debug|Any CPU
		{B3E2F204-DC72-4994-96D1-5680F857993D}.Debug|x64.ActiveCfg = Debug|Any CPU
		{B3E2F204-DC72-4994-96D1-5680F857993D}.Debug|x64.Build.0 = Debug|Any CPU
		{B3E2F204-DC72-4994-96D1-5680F857993D}.Debug|x86.ActiveCfg = Debug|Any CPU
		{B3E2F204-DC72-4994-96D1-5680F857993D}.Debug|x86.Build.0 = Debug|Any CPU
		{B3E2F204-DC72-4994-96D1-5680F857993D}.Release|Any CPU.ActiveCfg = Release|Any CPU
		{B3E2F204-DC72-4994-96D1-5680F857993D}.Release|Any CPU.Build.0 = Release|Any CPU
		{B3E2F204-DC72-4994-96D1-5680F857993D}.Release|ARM.ActiveCfg = Release|Any CPU
		{B3E2F204-DC72-4994-96D1-5680F857993D}.Release|ARM.Build.0 = Release|Any CPU
		{B3E2F204-DC72-4994-96D1-5680F857993D}.Release|x64.ActiveCfg = Release|Any CPU
		{B3E2F204-DC72-4994-96D1-5680F857993D}.Release|x64.Build.0 = Release|Any CPU
		{B3E2F204-DC72-4994-96D1-5680F857993D}.Release|x86.ActiveCfg = Release|Any CPU
		{B3E2F204-DC72-4994-96D1-5680F857993D}.Release|x86.Build.0 = Release|Any CPU
		{3B1FE57B-9DD1-4653-BF17-AE8A1E9A0CF9}.Debug|Any CPU.ActiveCfg = Debug|Any CPU
		{3B1FE57B-9DD1-4653-BF17-AE8A1E9A0CF9}.Debug|Any CPU.Build.0 = Debug|Any CPU
		{3B1FE57B-9DD1-4653-BF17-AE8A1E9A0CF9}.Debug|ARM.ActiveCfg = Debug|Any CPU
		{3B1FE57B-9DD1-4653-BF17-AE8A1E9A0CF9}.Debug|ARM.Build.0 = Debug|Any CPU
		{3B1FE57B-9DD1-4653-BF17-AE8A1E9A0CF9}.Debug|x64.ActiveCfg = Debug|Any CPU
		{3B1FE57B-9DD1-4653-BF17-AE8A1E9A0CF9}.Debug|x64.Build.0 = Debug|Any CPU
		{3B1FE57B-9DD1-4653-BF17-AE8A1E9A0CF9}.Debug|x86.ActiveCfg = Debug|Any CPU
		{3B1FE57B-9DD1-4653-BF17-AE8A1E9A0CF9}.Debug|x86.Build.0 = Debug|Any CPU
		{3B1FE57B-9DD1-4653-BF17-AE8A1E9A0CF9}.Release|Any CPU.ActiveCfg = Release|Any CPU
		{3B1FE57B-9DD1-4653-BF17-AE8A1E9A0CF9}.Release|Any CPU.Build.0 = Release|Any CPU
		{3B1FE57B-9DD1-4653-BF17-AE8A1E9A0CF9}.Release|ARM.ActiveCfg = Release|Any CPU
		{3B1FE57B-9DD1-4653-BF17-AE8A1E9A0CF9}.Release|ARM.Build.0 = Release|Any CPU
		{3B1FE57B-9DD1-4653-BF17-AE8A1E9A0CF9}.Release|x64.ActiveCfg = Release|Any CPU
		{3B1FE57B-9DD1-4653-BF17-AE8A1E9A0CF9}.Release|x64.Build.0 = Release|Any CPU
		{3B1FE57B-9DD1-4653-BF17-AE8A1E9A0CF9}.Release|x86.ActiveCfg = Release|Any CPU
		{3B1FE57B-9DD1-4653-BF17-AE8A1E9A0CF9}.Release|x86.Build.0 = Release|Any CPU
		{E73ED9CA-C608-4B80-BFFB-22D7F659F7CE}.Debug|Any CPU.ActiveCfg = Debug|Any CPU
		{E73ED9CA-C608-4B80-BFFB-22D7F659F7CE}.Debug|Any CPU.Build.0 = Debug|Any CPU
		{E73ED9CA-C608-4B80-BFFB-22D7F659F7CE}.Debug|ARM.ActiveCfg = Debug|Any CPU
		{E73ED9CA-C608-4B80-BFFB-22D7F659F7CE}.Debug|ARM.Build.0 = Debug|Any CPU
		{E73ED9CA-C608-4B80-BFFB-22D7F659F7CE}.Debug|x64.ActiveCfg = Debug|Any CPU
		{E73ED9CA-C608-4B80-BFFB-22D7F659F7CE}.Debug|x64.Build.0 = Debug|Any CPU
		{E73ED9CA-C608-4B80-BFFB-22D7F659F7CE}.Debug|x86.ActiveCfg = Debug|Any CPU
		{E73ED9CA-C608-4B80-BFFB-22D7F659F7CE}.Debug|x86.Build.0 = Debug|Any CPU
		{E73ED9CA-C608-4B80-BFFB-22D7F659F7CE}.Release|Any CPU.ActiveCfg = Release|Any CPU
		{E73ED9CA-C608-4B80-BFFB-22D7F659F7CE}.Release|Any CPU.Build.0 = Release|Any CPU
		{E73ED9CA-C608-4B80-BFFB-22D7F659F7CE}.Release|ARM.ActiveCfg = Release|Any CPU
		{E73ED9CA-C608-4B80-BFFB-22D7F659F7CE}.Release|ARM.Build.0 = Release|Any CPU
		{E73ED9CA-C608-4B80-BFFB-22D7F659F7CE}.Release|x64.ActiveCfg = Release|Any CPU
		{E73ED9CA-C608-4B80-BFFB-22D7F659F7CE}.Release|x64.Build.0 = Release|Any CPU
		{E73ED9CA-C608-4B80-BFFB-22D7F659F7CE}.Release|x86.ActiveCfg = Release|Any CPU
		{E73ED9CA-C608-4B80-BFFB-22D7F659F7CE}.Release|x86.Build.0 = Release|Any CPU
		{405AB2D1-4971-47EC-B348-A9445D9B71E7}.Debug|Any CPU.ActiveCfg = Debug|Any CPU
		{405AB2D1-4971-47EC-B348-A9445D9B71E7}.Debug|Any CPU.Build.0 = Debug|Any CPU
		{405AB2D1-4971-47EC-B348-A9445D9B71E7}.Debug|ARM.ActiveCfg = Debug|Any CPU
		{405AB2D1-4971-47EC-B348-A9445D9B71E7}.Debug|ARM.Build.0 = Debug|Any CPU
		{405AB2D1-4971-47EC-B348-A9445D9B71E7}.Debug|x64.ActiveCfg = Debug|Any CPU
		{405AB2D1-4971-47EC-B348-A9445D9B71E7}.Debug|x64.Build.0 = Debug|Any CPU
		{405AB2D1-4971-47EC-B348-A9445D9B71E7}.Debug|x86.ActiveCfg = Debug|Any CPU
		{405AB2D1-4971-47EC-B348-A9445D9B71E7}.Debug|x86.Build.0 = Debug|Any CPU
		{405AB2D1-4971-47EC-B348-A9445D9B71E7}.Release|Any CPU.ActiveCfg = Release|Any CPU
		{405AB2D1-4971-47EC-B348-A9445D9B71E7}.Release|Any CPU.Build.0 = Release|Any CPU
		{405AB2D1-4971-47EC-B348-A9445D9B71E7}.Release|ARM.ActiveCfg = Release|Any CPU
		{405AB2D1-4971-47EC-B348-A9445D9B71E7}.Release|ARM.Build.0 = Release|Any CPU
		{405AB2D1-4971-47EC-B348-A9445D9B71E7}.Release|x64.ActiveCfg = Release|Any CPU
		{405AB2D1-4971-47EC-B348-A9445D9B71E7}.Release|x64.Build.0 = Release|Any CPU
		{405AB2D1-4971-47EC-B348-A9445D9B71E7}.Release|x86.ActiveCfg = Release|Any CPU
		{405AB2D1-4971-47EC-B348-A9445D9B71E7}.Release|x86.Build.0 = Release|Any CPU
		{A2188B46-77A1-4710-AD0F-BCCD7A29AF4C}.Debug|Any CPU.ActiveCfg = Debug|Any CPU
		{A2188B46-77A1-4710-AD0F-BCCD7A29AF4C}.Debug|Any CPU.Build.0 = Debug|Any CPU
		{A2188B46-77A1-4710-AD0F-BCCD7A29AF4C}.Debug|ARM.ActiveCfg = Debug|Any CPU
		{A2188B46-77A1-4710-AD0F-BCCD7A29AF4C}.Debug|ARM.Build.0 = Debug|Any CPU
		{A2188B46-77A1-4710-AD0F-BCCD7A29AF4C}.Debug|x64.ActiveCfg = Debug|Any CPU
		{A2188B46-77A1-4710-AD0F-BCCD7A29AF4C}.Debug|x64.Build.0 = Debug|Any CPU
		{A2188B46-77A1-4710-AD0F-BCCD7A29AF4C}.Debug|x86.ActiveCfg = Debug|Any CPU
		{A2188B46-77A1-4710-AD0F-BCCD7A29AF4C}.Debug|x86.Build.0 = Debug|Any CPU
		{A2188B46-77A1-4710-AD0F-BCCD7A29AF4C}.Release|Any CPU.ActiveCfg = Release|Any CPU
		{A2188B46-77A1-4710-AD0F-BCCD7A29AF4C}.Release|Any CPU.Build.0 = Release|Any CPU
		{A2188B46-77A1-4710-AD0F-BCCD7A29AF4C}.Release|ARM.ActiveCfg = Release|Any CPU
		{A2188B46-77A1-4710-AD0F-BCCD7A29AF4C}.Release|ARM.Build.0 = Release|Any CPU
		{A2188B46-77A1-4710-AD0F-BCCD7A29AF4C}.Release|x64.ActiveCfg = Release|Any CPU
		{A2188B46-77A1-4710-AD0F-BCCD7A29AF4C}.Release|x64.Build.0 = Release|Any CPU
		{A2188B46-77A1-4710-AD0F-BCCD7A29AF4C}.Release|x86.ActiveCfg = Release|Any CPU
		{A2188B46-77A1-4710-AD0F-BCCD7A29AF4C}.Release|x86.Build.0 = Release|Any CPU
		{771E4230-F803-46F8-847D-CC23FC13567C}.Debug|Any CPU.ActiveCfg = Debug|Any CPU
		{771E4230-F803-46F8-847D-CC23FC13567C}.Debug|Any CPU.Build.0 = Debug|Any CPU
		{771E4230-F803-46F8-847D-CC23FC13567C}.Debug|ARM.ActiveCfg = Debug|Any CPU
		{771E4230-F803-46F8-847D-CC23FC13567C}.Debug|ARM.Build.0 = Debug|Any CPU
		{771E4230-F803-46F8-847D-CC23FC13567C}.Debug|x64.ActiveCfg = Debug|Any CPU
		{771E4230-F803-46F8-847D-CC23FC13567C}.Debug|x64.Build.0 = Debug|Any CPU
		{771E4230-F803-46F8-847D-CC23FC13567C}.Debug|x86.ActiveCfg = Debug|Any CPU
		{771E4230-F803-46F8-847D-CC23FC13567C}.Debug|x86.Build.0 = Debug|Any CPU
		{771E4230-F803-46F8-847D-CC23FC13567C}.Release|Any CPU.ActiveCfg = Release|Any CPU
		{771E4230-F803-46F8-847D-CC23FC13567C}.Release|Any CPU.Build.0 = Release|Any CPU
		{771E4230-F803-46F8-847D-CC23FC13567C}.Release|ARM.ActiveCfg = Release|Any CPU
		{771E4230-F803-46F8-847D-CC23FC13567C}.Release|ARM.Build.0 = Release|Any CPU
		{771E4230-F803-46F8-847D-CC23FC13567C}.Release|x64.ActiveCfg = Release|Any CPU
		{771E4230-F803-46F8-847D-CC23FC13567C}.Release|x64.Build.0 = Release|Any CPU
		{771E4230-F803-46F8-847D-CC23FC13567C}.Release|x86.ActiveCfg = Release|Any CPU
		{771E4230-F803-46F8-847D-CC23FC13567C}.Release|x86.Build.0 = Release|Any CPU
		{D9A0A01B-D09A-4554-9008-98D35A7726C6}.Debug|Any CPU.ActiveCfg = Debug|Any CPU
		{D9A0A01B-D09A-4554-9008-98D35A7726C6}.Debug|Any CPU.Build.0 = Debug|Any CPU
		{D9A0A01B-D09A-4554-9008-98D35A7726C6}.Debug|ARM.ActiveCfg = Debug|Any CPU
		{D9A0A01B-D09A-4554-9008-98D35A7726C6}.Debug|ARM.Build.0 = Debug|Any CPU
		{D9A0A01B-D09A-4554-9008-98D35A7726C6}.Debug|x64.ActiveCfg = Debug|Any CPU
		{D9A0A01B-D09A-4554-9008-98D35A7726C6}.Debug|x64.Build.0 = Debug|Any CPU
		{D9A0A01B-D09A-4554-9008-98D35A7726C6}.Debug|x86.ActiveCfg = Debug|Any CPU
		{D9A0A01B-D09A-4554-9008-98D35A7726C6}.Debug|x86.Build.0 = Debug|Any CPU
		{D9A0A01B-D09A-4554-9008-98D35A7726C6}.Release|Any CPU.ActiveCfg = Release|Any CPU
		{D9A0A01B-D09A-4554-9008-98D35A7726C6}.Release|Any CPU.Build.0 = Release|Any CPU
		{D9A0A01B-D09A-4554-9008-98D35A7726C6}.Release|ARM.ActiveCfg = Release|Any CPU
		{D9A0A01B-D09A-4554-9008-98D35A7726C6}.Release|ARM.Build.0 = Release|Any CPU
		{D9A0A01B-D09A-4554-9008-98D35A7726C6}.Release|x64.ActiveCfg = Release|Any CPU
		{D9A0A01B-D09A-4554-9008-98D35A7726C6}.Release|x64.Build.0 = Release|Any CPU
		{D9A0A01B-D09A-4554-9008-98D35A7726C6}.Release|x86.ActiveCfg = Release|Any CPU
		{D9A0A01B-D09A-4554-9008-98D35A7726C6}.Release|x86.Build.0 = Release|Any CPU
		{43D7BC7D-5712-4056-8658-B67560DF8F03}.Debug|Any CPU.ActiveCfg = Debug|Any CPU
		{43D7BC7D-5712-4056-8658-B67560DF8F03}.Debug|Any CPU.Build.0 = Debug|Any CPU
		{43D7BC7D-5712-4056-8658-B67560DF8F03}.Debug|ARM.ActiveCfg = Debug|Any CPU
		{43D7BC7D-5712-4056-8658-B67560DF8F03}.Debug|ARM.Build.0 = Debug|Any CPU
		{43D7BC7D-5712-4056-8658-B67560DF8F03}.Debug|x64.ActiveCfg = Debug|Any CPU
		{43D7BC7D-5712-4056-8658-B67560DF8F03}.Debug|x64.Build.0 = Debug|Any CPU
		{43D7BC7D-5712-4056-8658-B67560DF8F03}.Debug|x86.ActiveCfg = Debug|Any CPU
		{43D7BC7D-5712-4056-8658-B67560DF8F03}.Debug|x86.Build.0 = Debug|Any CPU
		{43D7BC7D-5712-4056-8658-B67560DF8F03}.Release|Any CPU.ActiveCfg = Release|Any CPU
		{43D7BC7D-5712-4056-8658-B67560DF8F03}.Release|Any CPU.Build.0 = Release|Any CPU
		{43D7BC7D-5712-4056-8658-B67560DF8F03}.Release|ARM.ActiveCfg = Release|Any CPU
		{43D7BC7D-5712-4056-8658-B67560DF8F03}.Release|ARM.Build.0 = Release|Any CPU
		{43D7BC7D-5712-4056-8658-B67560DF8F03}.Release|x64.ActiveCfg = Release|Any CPU
		{43D7BC7D-5712-4056-8658-B67560DF8F03}.Release|x64.Build.0 = Release|Any CPU
		{43D7BC7D-5712-4056-8658-B67560DF8F03}.Release|x86.ActiveCfg = Release|Any CPU
		{43D7BC7D-5712-4056-8658-B67560DF8F03}.Release|x86.Build.0 = Release|Any CPU
		{62000C55-21C6-4816-978B-2AC9FE403468}.Debug|Any CPU.ActiveCfg = Debug|Any CPU
		{62000C55-21C6-4816-978B-2AC9FE403468}.Debug|Any CPU.Build.0 = Debug|Any CPU
		{62000C55-21C6-4816-978B-2AC9FE403468}.Debug|ARM.ActiveCfg = Debug|Any CPU
		{62000C55-21C6-4816-978B-2AC9FE403468}.Debug|ARM.Build.0 = Debug|Any CPU
		{62000C55-21C6-4816-978B-2AC9FE403468}.Debug|x64.ActiveCfg = Debug|Any CPU
		{62000C55-21C6-4816-978B-2AC9FE403468}.Debug|x64.Build.0 = Debug|Any CPU
		{62000C55-21C6-4816-978B-2AC9FE403468}.Debug|x86.ActiveCfg = Debug|Any CPU
		{62000C55-21C6-4816-978B-2AC9FE403468}.Debug|x86.Build.0 = Debug|Any CPU
		{62000C55-21C6-4816-978B-2AC9FE403468}.Release|Any CPU.ActiveCfg = Release|Any CPU
		{62000C55-21C6-4816-978B-2AC9FE403468}.Release|Any CPU.Build.0 = Release|Any CPU
		{62000C55-21C6-4816-978B-2AC9FE403468}.Release|ARM.ActiveCfg = Release|Any CPU
		{62000C55-21C6-4816-978B-2AC9FE403468}.Release|ARM.Build.0 = Release|Any CPU
		{62000C55-21C6-4816-978B-2AC9FE403468}.Release|x64.ActiveCfg = Release|Any CPU
		{62000C55-21C6-4816-978B-2AC9FE403468}.Release|x64.Build.0 = Release|Any CPU
		{62000C55-21C6-4816-978B-2AC9FE403468}.Release|x86.ActiveCfg = Release|Any CPU
		{62000C55-21C6-4816-978B-2AC9FE403468}.Release|x86.Build.0 = Release|Any CPU
		{62BB36C5-F543-4A51-A5A3-6C5769EEE6D6}.Debug|Any CPU.ActiveCfg = Debug|Any CPU
		{62BB36C5-F543-4A51-A5A3-6C5769EEE6D6}.Debug|Any CPU.Build.0 = Debug|Any CPU
		{62BB36C5-F543-4A51-A5A3-6C5769EEE6D6}.Debug|ARM.ActiveCfg = Debug|Any CPU
		{62BB36C5-F543-4A51-A5A3-6C5769EEE6D6}.Debug|ARM.Build.0 = Debug|Any CPU
		{62BB36C5-F543-4A51-A5A3-6C5769EEE6D6}.Debug|x64.ActiveCfg = Debug|Any CPU
		{62BB36C5-F543-4A51-A5A3-6C5769EEE6D6}.Debug|x64.Build.0 = Debug|Any CPU
		{62BB36C5-F543-4A51-A5A3-6C5769EEE6D6}.Debug|x86.ActiveCfg = Debug|Any CPU
		{62BB36C5-F543-4A51-A5A3-6C5769EEE6D6}.Debug|x86.Build.0 = Debug|Any CPU
		{62BB36C5-F543-4A51-A5A3-6C5769EEE6D6}.Release|Any CPU.ActiveCfg = Release|Any CPU
		{62BB36C5-F543-4A51-A5A3-6C5769EEE6D6}.Release|Any CPU.Build.0 = Release|Any CPU
		{62BB36C5-F543-4A51-A5A3-6C5769EEE6D6}.Release|ARM.ActiveCfg = Release|Any CPU
		{62BB36C5-F543-4A51-A5A3-6C5769EEE6D6}.Release|ARM.Build.0 = Release|Any CPU
		{62BB36C5-F543-4A51-A5A3-6C5769EEE6D6}.Release|x64.ActiveCfg = Release|Any CPU
		{62BB36C5-F543-4A51-A5A3-6C5769EEE6D6}.Release|x64.Build.0 = Release|Any CPU
		{62BB36C5-F543-4A51-A5A3-6C5769EEE6D6}.Release|x86.ActiveCfg = Release|Any CPU
		{62BB36C5-F543-4A51-A5A3-6C5769EEE6D6}.Release|x86.Build.0 = Release|Any CPU
		{87FCF869-8C08-4231-9936-75423F13A597}.Debug|Any CPU.ActiveCfg = Debug|Any CPU
		{87FCF869-8C08-4231-9936-75423F13A597}.Debug|Any CPU.Build.0 = Debug|Any CPU
		{87FCF869-8C08-4231-9936-75423F13A597}.Debug|ARM.ActiveCfg = Debug|Any CPU
		{87FCF869-8C08-4231-9936-75423F13A597}.Debug|ARM.Build.0 = Debug|Any CPU
		{87FCF869-8C08-4231-9936-75423F13A597}.Debug|x64.ActiveCfg = Debug|Any CPU
		{87FCF869-8C08-4231-9936-75423F13A597}.Debug|x64.Build.0 = Debug|Any CPU
		{87FCF869-8C08-4231-9936-75423F13A597}.Debug|x86.ActiveCfg = Debug|Any CPU
		{87FCF869-8C08-4231-9936-75423F13A597}.Debug|x86.Build.0 = Debug|Any CPU
		{87FCF869-8C08-4231-9936-75423F13A597}.Release|Any CPU.ActiveCfg = Release|Any CPU
		{87FCF869-8C08-4231-9936-75423F13A597}.Release|Any CPU.Build.0 = Release|Any CPU
		{87FCF869-8C08-4231-9936-75423F13A597}.Release|ARM.ActiveCfg = Release|Any CPU
		{87FCF869-8C08-4231-9936-75423F13A597}.Release|ARM.Build.0 = Release|Any CPU
		{87FCF869-8C08-4231-9936-75423F13A597}.Release|x64.ActiveCfg = Release|Any CPU
		{87FCF869-8C08-4231-9936-75423F13A597}.Release|x64.Build.0 = Release|Any CPU
		{87FCF869-8C08-4231-9936-75423F13A597}.Release|x86.ActiveCfg = Release|Any CPU
		{87FCF869-8C08-4231-9936-75423F13A597}.Release|x86.Build.0 = Release|Any CPU
		{C9E5F925-0908-4DC3-ABF9-E445D646ACE2}.Debug|Any CPU.ActiveCfg = Debug|Any CPU
		{C9E5F925-0908-4DC3-ABF9-E445D646ACE2}.Debug|Any CPU.Build.0 = Debug|Any CPU
		{C9E5F925-0908-4DC3-ABF9-E445D646ACE2}.Debug|ARM.ActiveCfg = Debug|Any CPU
		{C9E5F925-0908-4DC3-ABF9-E445D646ACE2}.Debug|ARM.Build.0 = Debug|Any CPU
		{C9E5F925-0908-4DC3-ABF9-E445D646ACE2}.Debug|x64.ActiveCfg = Debug|Any CPU
		{C9E5F925-0908-4DC3-ABF9-E445D646ACE2}.Debug|x64.Build.0 = Debug|Any CPU
		{C9E5F925-0908-4DC3-ABF9-E445D646ACE2}.Debug|x86.ActiveCfg = Debug|Any CPU
		{C9E5F925-0908-4DC3-ABF9-E445D646ACE2}.Debug|x86.Build.0 = Debug|Any CPU
		{C9E5F925-0908-4DC3-ABF9-E445D646ACE2}.Release|Any CPU.ActiveCfg = Release|Any CPU
		{C9E5F925-0908-4DC3-ABF9-E445D646ACE2}.Release|Any CPU.Build.0 = Release|Any CPU
		{C9E5F925-0908-4DC3-ABF9-E445D646ACE2}.Release|ARM.ActiveCfg = Release|Any CPU
		{C9E5F925-0908-4DC3-ABF9-E445D646ACE2}.Release|ARM.Build.0 = Release|Any CPU
		{C9E5F925-0908-4DC3-ABF9-E445D646ACE2}.Release|x64.ActiveCfg = Release|Any CPU
		{C9E5F925-0908-4DC3-ABF9-E445D646ACE2}.Release|x64.Build.0 = Release|Any CPU
		{C9E5F925-0908-4DC3-ABF9-E445D646ACE2}.Release|x86.ActiveCfg = Release|Any CPU
		{C9E5F925-0908-4DC3-ABF9-E445D646ACE2}.Release|x86.Build.0 = Release|Any CPU
		{0A875987-7D13-4E75-B6C7-43C0F1C01C99}.Debug|Any CPU.ActiveCfg = Debug|Any CPU
		{0A875987-7D13-4E75-B6C7-43C0F1C01C99}.Debug|Any CPU.Build.0 = Debug|Any CPU
		{0A875987-7D13-4E75-B6C7-43C0F1C01C99}.Debug|ARM.ActiveCfg = Debug|Any CPU
		{0A875987-7D13-4E75-B6C7-43C0F1C01C99}.Debug|ARM.Build.0 = Debug|Any CPU
		{0A875987-7D13-4E75-B6C7-43C0F1C01C99}.Debug|x64.ActiveCfg = Debug|Any CPU
		{0A875987-7D13-4E75-B6C7-43C0F1C01C99}.Debug|x64.Build.0 = Debug|Any CPU
		{0A875987-7D13-4E75-B6C7-43C0F1C01C99}.Debug|x86.ActiveCfg = Debug|Any CPU
		{0A875987-7D13-4E75-B6C7-43C0F1C01C99}.Debug|x86.Build.0 = Debug|Any CPU
		{0A875987-7D13-4E75-B6C7-43C0F1C01C99}.Release|Any CPU.ActiveCfg = Release|Any CPU
		{0A875987-7D13-4E75-B6C7-43C0F1C01C99}.Release|Any CPU.Build.0 = Release|Any CPU
		{0A875987-7D13-4E75-B6C7-43C0F1C01C99}.Release|ARM.ActiveCfg = Release|Any CPU
		{0A875987-7D13-4E75-B6C7-43C0F1C01C99}.Release|ARM.Build.0 = Release|Any CPU
		{0A875987-7D13-4E75-B6C7-43C0F1C01C99}.Release|x64.ActiveCfg = Release|Any CPU
		{0A875987-7D13-4E75-B6C7-43C0F1C01C99}.Release|x64.Build.0 = Release|Any CPU
		{0A875987-7D13-4E75-B6C7-43C0F1C01C99}.Release|x86.ActiveCfg = Release|Any CPU
		{0A875987-7D13-4E75-B6C7-43C0F1C01C99}.Release|x86.Build.0 = Release|Any CPU
		{B526A2CC-0936-4E59-AF35-56560DD25130}.Debug|Any CPU.ActiveCfg = Debug|Any CPU
		{B526A2CC-0936-4E59-AF35-56560DD25130}.Debug|Any CPU.Build.0 = Debug|Any CPU
		{B526A2CC-0936-4E59-AF35-56560DD25130}.Debug|ARM.ActiveCfg = Debug|Any CPU
		{B526A2CC-0936-4E59-AF35-56560DD25130}.Debug|ARM.Build.0 = Debug|Any CPU
		{B526A2CC-0936-4E59-AF35-56560DD25130}.Debug|x64.ActiveCfg = Debug|Any CPU
		{B526A2CC-0936-4E59-AF35-56560DD25130}.Debug|x64.Build.0 = Debug|Any CPU
		{B526A2CC-0936-4E59-AF35-56560DD25130}.Debug|x86.ActiveCfg = Debug|Any CPU
		{B526A2CC-0936-4E59-AF35-56560DD25130}.Debug|x86.Build.0 = Debug|Any CPU
		{B526A2CC-0936-4E59-AF35-56560DD25130}.Release|Any CPU.ActiveCfg = Release|Any CPU
		{B526A2CC-0936-4E59-AF35-56560DD25130}.Release|Any CPU.Build.0 = Release|Any CPU
		{B526A2CC-0936-4E59-AF35-56560DD25130}.Release|ARM.ActiveCfg = Release|Any CPU
		{B526A2CC-0936-4E59-AF35-56560DD25130}.Release|ARM.Build.0 = Release|Any CPU
		{B526A2CC-0936-4E59-AF35-56560DD25130}.Release|x64.ActiveCfg = Release|Any CPU
		{B526A2CC-0936-4E59-AF35-56560DD25130}.Release|x64.Build.0 = Release|Any CPU
		{B526A2CC-0936-4E59-AF35-56560DD25130}.Release|x86.ActiveCfg = Release|Any CPU
		{B526A2CC-0936-4E59-AF35-56560DD25130}.Release|x86.Build.0 = Release|Any CPU
	EndGlobalSection
	GlobalSection(SolutionProperties) = preSolution
		HideSolutionNode = FALSE
	EndGlobalSection
EndGlobal
